
Microsoft Visual Studio Solution File, Format Version 12.00
# Visual Studio 14
VisualStudioVersion = 14.0.25420.1
MinimumVisualStudioVersion = 10.0.40219.1
Project("{FC65038C-1B2F-41E1-A629-BED71D161FFF}") = "SalesWorkflow (USR) [Essam]", "BABSalesWorkflow\BABSalesWorkflow.rnrproj", "{7F591802-0F66-4B41-9422-DB18A53A3BEE}"
EndProject
Global
	GlobalSection(SolutionConfigurationPlatforms) = preSolution
		Debug|Any CPU = Debug|Any CPU
	EndGlobalSection
	GlobalSection(ProjectConfigurationPlatforms) = postSolution
		{7F591802-0F66-4B41-9422-DB18A53A3BEE}.Debug|Any CPU.ActiveCfg = Debug|Any CPU
		{7F591802-0F66-4B41-9422-DB18A53A3BEE}.Debug|Any CPU.Build.0 = Debug|Any CPU
	EndGlobalSection
	GlobalSection(SolutionProperties) = preSolution
		HideSolutionNode = FALSE
	EndGlobalSection
EndGlobal
